<?xml version="1.0" encoding="utf-8"?>
<Project ToolsVersion="15.0" xmlns="http://schemas.microsoft.com/developer/msbuild/2003">
  <ItemGroup>
    <CustomBuild Include="C:\tetsLLVM\llvm\mybuilddir\CMakeFiles\c660d2fb5c3dead407410d26c5cd6e27\Options.inc.rule">
      <Filter>CMake Rules</Filter>
    </CustomBuild>
    <CustomBuild Include="C:\tetsLLVM\llvm\mybuilddir\CMakeFiles\3290e67dc62089aafcb0ce793edcc173\LibOptionsTableGen.rule">
      <Filter>CMake Rules</Filter>
    </CustomBuild>
    <CustomBuild Include="C:\tetsLLVM\llvm\lib\ToolDrivers\llvm-lib\CMakeLists.txt" />
  </ItemGroup>
  <ItemGroup>
    <None Include="C:\tetsLLVM\llvm\mybuilddir\lib\ToolDrivers\llvm-lib\CMakeFiles\LibOptionsTableGen" />
  </ItemGroup>
  <ItemGroup>
    <Filter Include="CMake Rules">
      <UniqueIdentifier>{D4EBACED-6769-3248-8D6C-E505D76A0424}</UniqueIdentifier>
    </Filter>
  </ItemGroup>
</Project>
