<?xml version="1.0" encoding="utf-8"?>
<Project ToolsVersion="15.0" xmlns="http://schemas.microsoft.com/developer/msbuild/2003">
  <ItemGroup>
    <ClCompile Include="C:\tetsLLVM\llvm\lib\CodeGen\SelectionDAG\DAGCombiner.cpp">
      <Filter>Source Files</Filter>
    </ClCompile>
    <ClCompile Include="C:\tetsLLVM\llvm\lib\CodeGen\SelectionDAG\FastISel.cpp">
      <Filter>Source Files</Filter>
    </ClCompile>
    <ClCompile Include="C:\tetsLLVM\llvm\lib\CodeGen\SelectionDAG\FunctionLoweringInfo.cpp">
      <Filter>Source Files</Filter>
    </ClCompile>
    <ClCompile Include="C:\tetsLLVM\llvm\lib\CodeGen\SelectionDAG\InstrEmitter.cpp">
      <Filter>Source Files</Filter>
    </ClCompile>
    <ClCompile Include="C:\tetsLLVM\llvm\lib\CodeGen\SelectionDAG\LegalizeDAG.cpp">
      <Filter>Source Files</Filter>
    </ClCompile>
    <ClCompile Include="C:\tetsLLVM\llvm\lib\CodeGen\SelectionDAG\LegalizeFloatTypes.cpp">
      <Filter>Source Files</Filter>
    </ClCompile>
    <ClCompile Include="C:\tetsLLVM\llvm\lib\CodeGen\SelectionDAG\LegalizeIntegerTypes.cpp">
      <Filter>Source Files</Filter>
    </ClCompile>
    <ClCompile Include="C:\tetsLLVM\llvm\lib\CodeGen\SelectionDAG\LegalizeTypes.cpp">
      <Filter>Source Files</Filter>
    </ClCompile>
    <ClCompile Include="C:\tetsLLVM\llvm\lib\CodeGen\SelectionDAG\LegalizeTypesGeneric.cpp">
      <Filter>Source Files</Filter>
    </ClCompile>
    <ClCompile Include="C:\tetsLLVM\llvm\lib\CodeGen\SelectionDAG\LegalizeVectorOps.cpp">
      <Filter>Source Files</Filter>
    </ClCompile>
    <ClCompile Include="C:\tetsLLVM\llvm\lib\CodeGen\SelectionDAG\LegalizeVectorTypes.cpp">
      <Filter>Source Files</Filter>
    </ClCompile>
    <ClCompile Include="C:\tetsLLVM\llvm\lib\CodeGen\SelectionDAG\ResourcePriorityQueue.cpp">
      <Filter>Source Files</Filter>
    </ClCompile>
    <ClCompile Include="C:\tetsLLVM\llvm\lib\CodeGen\SelectionDAG\ScheduleDAGFast.cpp">
      <Filter>Source Files</Filter>
    </ClCompile>
    <ClCompile Include="C:\tetsLLVM\llvm\lib\CodeGen\SelectionDAG\ScheduleDAGRRList.cpp">
      <Filter>Source Files</Filter>
    </ClCompile>
    <ClCompile Include="C:\tetsLLVM\llvm\lib\CodeGen\SelectionDAG\ScheduleDAGSDNodes.cpp">
      <Filter>Source Files</Filter>
    </ClCompile>
    <ClCompile Include="C:\tetsLLVM\llvm\lib\CodeGen\SelectionDAG\ScheduleDAGVLIW.cpp">
      <Filter>Source Files</Filter>
    </ClCompile>
    <ClCompile Include="C:\tetsLLVM\llvm\lib\CodeGen\SelectionDAG\SelectionDAGBuilder.cpp">
      <Filter>Source Files</Filter>
    </ClCompile>
    <ClCompile Include="C:\tetsLLVM\llvm\lib\CodeGen\SelectionDAG\SelectionDAG.cpp">
      <Filter>Source Files</Filter>
    </ClCompile>
    <ClCompile Include="C:\tetsLLVM\llvm\lib\CodeGen\SelectionDAG\SelectionDAGAddressAnalysis.cpp">
      <Filter>Source Files</Filter>
    </ClCompile>
    <ClCompile Include="C:\tetsLLVM\llvm\lib\CodeGen\SelectionDAG\SelectionDAGDumper.cpp">
      <Filter>Source Files</Filter>
    </ClCompile>
    <ClCompile Include="C:\tetsLLVM\llvm\lib\CodeGen\SelectionDAG\SelectionDAGISel.cpp">
      <Filter>Source Files</Filter>
    </ClCompile>
    <ClCompile Include="C:\tetsLLVM\llvm\lib\CodeGen\SelectionDAG\SelectionDAGPrinter.cpp">
      <Filter>Source Files</Filter>
    </ClCompile>
    <ClCompile Include="C:\tetsLLVM\llvm\lib\CodeGen\SelectionDAG\SelectionDAGTargetInfo.cpp">
      <Filter>Source Files</Filter>
    </ClCompile>
    <ClCompile Include="C:\tetsLLVM\llvm\lib\CodeGen\SelectionDAG\StatepointLowering.cpp">
      <Filter>Source Files</Filter>
    </ClCompile>
    <ClCompile Include="C:\tetsLLVM\llvm\lib\CodeGen\SelectionDAG\TargetLowering.cpp">
      <Filter>Source Files</Filter>
    </ClCompile>
  </ItemGroup>
  <ItemGroup>
    <ClInclude Include="C:\tetsLLVM\llvm\lib\CodeGen\SelectionDAG\InstrEmitter.h">
      <Filter>Header Files</Filter>
    </ClInclude>
    <ClInclude Include="C:\tetsLLVM\llvm\lib\CodeGen\SelectionDAG\LegalizeTypes.h">
      <Filter>Header Files</Filter>
    </ClInclude>
    <ClInclude Include="C:\tetsLLVM\llvm\lib\CodeGen\SelectionDAG\SDNodeDbgValue.h">
      <Filter>Header Files</Filter>
    </ClInclude>
    <ClInclude Include="C:\tetsLLVM\llvm\lib\CodeGen\SelectionDAG\ScheduleDAGSDNodes.h">
      <Filter>Header Files</Filter>
    </ClInclude>
    <ClInclude Include="C:\tetsLLVM\llvm\lib\CodeGen\SelectionDAG\SelectionDAGBuilder.h">
      <Filter>Header Files</Filter>
    </ClInclude>
    <ClInclude Include="C:\tetsLLVM\llvm\lib\CodeGen\SelectionDAG\StatepointLowering.h">
      <Filter>Header Files</Filter>
    </ClInclude>
  </ItemGroup>
  <ItemGroup>
    <CustomBuild Include="C:\tetsLLVM\llvm\lib\CodeGen\SelectionDAG\CMakeLists.txt" />
  </ItemGroup>
  <ItemGroup>
    <Filter Include="Header Files">
      <UniqueIdentifier>{F48EE06F-5695-3A60-B0FB-79F65E01A75D}</UniqueIdentifier>
    </Filter>
    <Filter Include="Source Files">
      <UniqueIdentifier>{EC4B794C-986D-3A40-A587-8DD71D2C4B26}</UniqueIdentifier>
    </Filter>
  </ItemGroup>
</Project>
