<?xml version="1.0" encoding="utf-8"?>
<Project ToolsVersion="15.0" xmlns="http://schemas.microsoft.com/developer/msbuild/2003">
  <ItemGroup>
    <CustomBuild Include="C:\tetsLLVM\llvm\mybuilddir\CMakeFiles\2cf2332387bd77ac6df9a7f8440bd104\llvm-test-depends.rule">
      <Filter>CMake Rules</Filter>
    </CustomBuild>
    <CustomBuild Include="C:\tetsLLVM\llvm\test\CMakeLists.txt" />
  </ItemGroup>
  <ItemGroup>
    <None Include="C:\tetsLLVM\llvm\mybuilddir\test\CMakeFiles\llvm-test-depends" />
  </ItemGroup>
  <ItemGroup>
    <Filter Include="CMake Rules">
      <UniqueIdentifier>{D4EBACED-6769-3248-8D6C-E505D76A0424}</UniqueIdentifier>
    </Filter>
  </ItemGroup>
</Project>
