<?xml version="1.0" encoding="utf-8"?>
<Project ToolsVersion="15.0" xmlns="http://schemas.microsoft.com/developer/msbuild/2003">
  <ItemGroup>
    <ClCompile Include="C:\tetsLLVM\llvm\tools\llvm-readobj\ARMWinEHPrinter.cpp">
      <Filter>Source Files</Filter>
    </ClCompile>
    <ClCompile Include="C:\tetsLLVM\llvm\tools\llvm-readobj\COFFDumper.cpp">
      <Filter>Source Files</Filter>
    </ClCompile>
    <ClCompile Include="C:\tetsLLVM\llvm\tools\llvm-readobj\COFFImportDumper.cpp">
      <Filter>Source Files</Filter>
    </ClCompile>
    <ClCompile Include="C:\tetsLLVM\llvm\tools\llvm-readobj\ELFDumper.cpp">
      <Filter>Source Files</Filter>
    </ClCompile>
    <ClCompile Include="C:\tetsLLVM\llvm\tools\llvm-readobj\Error.cpp">
      <Filter>Source Files</Filter>
    </ClCompile>
    <ClCompile Include="C:\tetsLLVM\llvm\tools\llvm-readobj\llvm-readobj.cpp">
      <Filter>Source Files</Filter>
    </ClCompile>
    <ClCompile Include="C:\tetsLLVM\llvm\tools\llvm-readobj\MachODumper.cpp">
      <Filter>Source Files</Filter>
    </ClCompile>
    <ClCompile Include="C:\tetsLLVM\llvm\tools\llvm-readobj\ObjDumper.cpp">
      <Filter>Source Files</Filter>
    </ClCompile>
    <ClCompile Include="C:\tetsLLVM\llvm\tools\llvm-readobj\WasmDumper.cpp">
      <Filter>Source Files</Filter>
    </ClCompile>
    <ClCompile Include="C:\tetsLLVM\llvm\tools\llvm-readobj\Win64EHDumper.cpp">
      <Filter>Source Files</Filter>
    </ClCompile>
    <ClCompile Include="C:\tetsLLVM\llvm\tools\llvm-readobj\WindowsResourceDumper.cpp">
      <Filter>Source Files</Filter>
    </ClCompile>
  </ItemGroup>
  <ItemGroup>
    <ClInclude Include="C:\tetsLLVM\llvm\tools\llvm-readobj\ARMEHABIPrinter.h">
      <Filter>Header Files</Filter>
    </ClInclude>
    <ClInclude Include="C:\tetsLLVM\llvm\tools\llvm-readobj\ARMWinEHPrinter.h">
      <Filter>Header Files</Filter>
    </ClInclude>
    <ClInclude Include="C:\tetsLLVM\llvm\tools\llvm-readobj\DwarfCFIEHPrinter.h">
      <Filter>Header Files</Filter>
    </ClInclude>
    <ClInclude Include="C:\tetsLLVM\llvm\tools\llvm-readobj\Error.h">
      <Filter>Header Files</Filter>
    </ClInclude>
    <ClInclude Include="C:\tetsLLVM\llvm\tools\llvm-readobj\ObjDumper.h">
      <Filter>Header Files</Filter>
    </ClInclude>
    <ClInclude Include="C:\tetsLLVM\llvm\tools\llvm-readobj\StackMapPrinter.h">
      <Filter>Header Files</Filter>
    </ClInclude>
    <ClInclude Include="C:\tetsLLVM\llvm\tools\llvm-readobj\Win64EHDumper.h">
      <Filter>Header Files</Filter>
    </ClInclude>
    <ClInclude Include="C:\tetsLLVM\llvm\tools\llvm-readobj\WindowsResourceDumper.h">
      <Filter>Header Files</Filter>
    </ClInclude>
    <ClInclude Include="C:\tetsLLVM\llvm\tools\llvm-readobj\llvm-readobj.h">
      <Filter>Header Files</Filter>
    </ClInclude>
  </ItemGroup>
  <ItemGroup>
    <CustomBuild Include="C:\tetsLLVM\llvm\tools\llvm-readobj\CMakeLists.txt" />
  </ItemGroup>
  <ItemGroup>
    <ResourceCompile Include="C:\tetsLLVM\llvm\resources\windows_version_resource.rc">
      <Filter>Resource Files</Filter>
    </ResourceCompile>
  </ItemGroup>
  <ItemGroup>
    <Filter Include="Header Files">
      <UniqueIdentifier>{F48EE06F-5695-3A60-B0FB-79F65E01A75D}</UniqueIdentifier>
    </Filter>
    <Filter Include="Resource Files">
      <UniqueIdentifier>{5D927E97-74FF-33EE-8B6E-55C030A6BED1}</UniqueIdentifier>
    </Filter>
    <Filter Include="Source Files">
      <UniqueIdentifier>{EC4B794C-986D-3A40-A587-8DD71D2C4B26}</UniqueIdentifier>
    </Filter>
  </ItemGroup>
</Project>
