<?xml version="1.0" encoding="utf-8"?>
<Project ToolsVersion="15.0" xmlns="http://schemas.microsoft.com/developer/msbuild/2003">
  <ItemGroup>
    <CustomBuild Include="C:\tetsLLVM\llvm\mybuilddir\CMakeFiles\38016fce99baffe5c641c93d4d5e75dd\llvm-lib.exe.rule">
      <Filter>CMake Rules</Filter>
    </CustomBuild>
    <CustomBuild Include="C:\tetsLLVM\llvm\mybuilddir\CMakeFiles\ce2d465b82ed372ff650bdc7c1e0eae3\llvm-lib.rule">
      <Filter>CMake Rules</Filter>
    </CustomBuild>
    <CustomBuild Include="C:\tetsLLVM\llvm\tools\llvm-ar\CMakeLists.txt" />
  </ItemGroup>
  <ItemGroup>
    <None Include="C:\tetsLLVM\llvm\mybuilddir\tools\llvm-ar\CMakeFiles\llvm-lib" />
  </ItemGroup>
  <ItemGroup>
    <Filter Include="CMake Rules">
      <UniqueIdentifier>{D4EBACED-6769-3248-8D6C-E505D76A0424}</UniqueIdentifier>
    </Filter>
  </ItemGroup>
</Project>
