Microsoft Visual Studio Solution File, Format Version 12.00
# Visual Studio 15
Project("{2150E333-8FDC-42A3-9474-1A3956D46DE8}") = "CMakePredefinedTargets", "CMakePredefinedTargets", "{98D62EAF-BD1F-3B30-8748-51E74CDFF62E}"
EndProject
Project("{2150E333-8FDC-42A3-9474-1A3956D46DE8}") = "Utils", "Utils", "{6C9E7443-BD76-3D3F-81AB-5F41B3EC3F57}"
EndProject
Project("{8BC9CEB8-8B4A-11D0-8D11-00A0C91BC942}") = "ALL_BUILD", "ALL_BUILD.vcxproj", "{024FDA77-50B0-37FB-80C8-F8BA90C09AA6}"
	ProjectSection(ProjectDependencies) = postProject
		{984D425B-D0AF-3E68-8EE1-923FA53F079C} = {984D425B-D0AF-3E68-8EE1-923FA53F079C}
		{506C0FE6-C349-389D-80D4-7C1B421C05D4} = {506C0FE6-C349-389D-80D4-7C1B421C05D4}
		{629F9DDD-7927-38C9-A878-415151B1B373} = {629F9DDD-7927-38C9-A878-415151B1B373}
	EndProjectSection
EndProject
Project("{8BC9CEB8-8B4A-11D0-8D11-00A0C91BC942}") = "INSTALL", "INSTALL.vcxproj", "{ABC5E721-1920-3D00-A3E6-E90D081A438E}"
	ProjectSection(ProjectDependencies) = postProject
		{024FDA77-50B0-37FB-80C8-F8BA90C09AA6} = {024FDA77-50B0-37FB-80C8-F8BA90C09AA6}
		{984D425B-D0AF-3E68-8EE1-923FA53F079C} = {984D425B-D0AF-3E68-8EE1-923FA53F079C}
	EndProjectSection
EndProject
Project("{8BC9CEB8-8B4A-11D0-8D11-00A0C91BC942}") = "PACKAGE", "PACKAGE.vcxproj", "{4756621D-1A4B-3026-A63B-2F69BB8E994E}"
	ProjectSection(ProjectDependencies) = postProject
		{024FDA77-50B0-37FB-80C8-F8BA90C09AA6} = {024FDA77-50B0-37FB-80C8-F8BA90C09AA6}
		{984D425B-D0AF-3E68-8EE1-923FA53F079C} = {984D425B-D0AF-3E68-8EE1-923FA53F079C}
	EndProjectSection
EndProject
Project("{8BC9CEB8-8B4A-11D0-8D11-00A0C91BC942}") = "ZERO_CHECK", "..\..\\ZERO_CHECK.vcxproj", "{984D425B-D0AF-3E68-8EE1-923FA53F079C}"
	ProjectSection(ProjectDependencies) = postProject
	EndProjectSection
EndProject
Project("{8BC9CEB8-8B4A-11D0-8D11-00A0C91BC942}") = "benchmark", "src\benchmark.vcxproj", "{506C0FE6-C349-389D-80D4-7C1B421C05D4}"
	ProjectSection(ProjectDependencies) = postProject
		{984D425B-D0AF-3E68-8EE1-923FA53F079C} = {984D425B-D0AF-3E68-8EE1-923FA53F079C}
	EndProjectSection
EndProject
Project("{8BC9CEB8-8B4A-11D0-8D11-00A0C91BC942}") = "benchmark_main", "src\benchmark_main.vcxproj", "{629F9DDD-7927-38C9-A878-415151B1B373}"
	ProjectSection(ProjectDependencies) = postProject
		{984D425B-D0AF-3E68-8EE1-923FA53F079C} = {984D425B-D0AF-3E68-8EE1-923FA53F079C}
		{506C0FE6-C349-389D-80D4-7C1B421C05D4} = {506C0FE6-C349-389D-80D4-7C1B421C05D4}
	EndProjectSection
EndProject
Global
	GlobalSection(SolutionConfigurationPlatforms) = preSolution
		Debug|Win32 = Debug|Win32
		Release|Win32 = Release|Win32
		MinSizeRel|Win32 = MinSizeRel|Win32
		RelWithDebInfo|Win32 = RelWithDebInfo|Win32
	EndGlobalSection
	GlobalSection(ProjectConfigurationPlatforms) = postSolution
		{024FDA77-50B0-37FB-80C8-F8BA90C09AA6}.Debug|Win32.ActiveCfg = Debug|Win32
		{024FDA77-50B0-37FB-80C8-F8BA90C09AA6}.Debug|Win32.Build.0 = Debug|Win32
		{024FDA77-50B0-37FB-80C8-F8BA90C09AA6}.Release|Win32.ActiveCfg = Release|Win32
		{024FDA77-50B0-37FB-80C8-F8BA90C09AA6}.Release|Win32.Build.0 = Release|Win32
		{024FDA77-50B0-37FB-80C8-F8BA90C09AA6}.MinSizeRel|Win32.ActiveCfg = MinSizeRel|Win32
		{024FDA77-50B0-37FB-80C8-F8BA90C09AA6}.MinSizeRel|Win32.Build.0 = MinSizeRel|Win32
		{024FDA77-50B0-37FB-80C8-F8BA90C09AA6}.RelWithDebInfo|Win32.ActiveCfg = RelWithDebInfo|Win32
		{024FDA77-50B0-37FB-80C8-F8BA90C09AA6}.RelWithDebInfo|Win32.Build.0 = RelWithDebInfo|Win32
		{ABC5E721-1920-3D00-A3E6-E90D081A438E}.Debug|Win32.ActiveCfg = Debug|Win32
		{ABC5E721-1920-3D00-A3E6-E90D081A438E}.Release|Win32.ActiveCfg = Release|Win32
		{ABC5E721-1920-3D00-A3E6-E90D081A438E}.MinSizeRel|Win32.ActiveCfg = MinSizeRel|Win32
		{ABC5E721-1920-3D00-A3E6-E90D081A438E}.RelWithDebInfo|Win32.ActiveCfg = RelWithDebInfo|Win32
		{4756621D-1A4B-3026-A63B-2F69BB8E994E}.Debug|Win32.ActiveCfg = Debug|Win32
		{4756621D-1A4B-3026-A63B-2F69BB8E994E}.Release|Win32.ActiveCfg = Release|Win32
		{4756621D-1A4B-3026-A63B-2F69BB8E994E}.MinSizeRel|Win32.ActiveCfg = MinSizeRel|Win32
		{4756621D-1A4B-3026-A63B-2F69BB8E994E}.RelWithDebInfo|Win32.ActiveCfg = RelWithDebInfo|Win32
		{984D425B-D0AF-3E68-8EE1-923FA53F079C}.Debug|Win32.ActiveCfg = Debug|Win32
		{984D425B-D0AF-3E68-8EE1-923FA53F079C}.Debug|Win32.Build.0 = Debug|Win32
		{984D425B-D0AF-3E68-8EE1-923FA53F079C}.Release|Win32.ActiveCfg = Release|Win32
		{984D425B-D0AF-3E68-8EE1-923FA53F079C}.Release|Win32.Build.0 = Release|Win32
		{984D425B-D0AF-3E68-8EE1-923FA53F079C}.MinSizeRel|Win32.ActiveCfg = MinSizeRel|Win32
		{984D425B-D0AF-3E68-8EE1-923FA53F079C}.MinSizeRel|Win32.Build.0 = MinSizeRel|Win32
		{984D425B-D0AF-3E68-8EE1-923FA53F079C}.RelWithDebInfo|Win32.ActiveCfg = RelWithDebInfo|Win32
		{984D425B-D0AF-3E68-8EE1-923FA53F079C}.RelWithDebInfo|Win32.Build.0 = RelWithDebInfo|Win32
		{506C0FE6-C349-389D-80D4-7C1B421C05D4}.Debug|Win32.ActiveCfg = Debug|Win32
		{506C0FE6-C349-389D-80D4-7C1B421C05D4}.Debug|Win32.Build.0 = Debug|Win32
		{506C0FE6-C349-389D-80D4-7C1B421C05D4}.Release|Win32.ActiveCfg = Release|Win32
		{506C0FE6-C349-389D-80D4-7C1B421C05D4}.Release|Win32.Build.0 = Release|Win32
		{506C0FE6-C349-389D-80D4-7C1B421C05D4}.MinSizeRel|Win32.ActiveCfg = MinSizeRel|Win32
		{506C0FE6-C349-389D-80D4-7C1B421C05D4}.MinSizeRel|Win32.Build.0 = MinSizeRel|Win32
		{506C0FE6-C349-389D-80D4-7C1B421C05D4}.RelWithDebInfo|Win32.ActiveCfg = RelWithDebInfo|Win32
		{506C0FE6-C349-389D-80D4-7C1B421C05D4}.RelWithDebInfo|Win32.Build.0 = RelWithDebInfo|Win32
		{629F9DDD-7927-38C9-A878-415151B1B373}.Debug|Win32.ActiveCfg = Debug|Win32
		{629F9DDD-7927-38C9-A878-415151B1B373}.Debug|Win32.Build.0 = Debug|Win32
		{629F9DDD-7927-38C9-A878-415151B1B373}.Release|Win32.ActiveCfg = Release|Win32
		{629F9DDD-7927-38C9-A878-415151B1B373}.Release|Win32.Build.0 = Release|Win32
		{629F9DDD-7927-38C9-A878-415151B1B373}.MinSizeRel|Win32.ActiveCfg = MinSizeRel|Win32
		{629F9DDD-7927-38C9-A878-415151B1B373}.MinSizeRel|Win32.Build.0 = MinSizeRel|Win32
		{629F9DDD-7927-38C9-A878-415151B1B373}.RelWithDebInfo|Win32.ActiveCfg = RelWithDebInfo|Win32
		{629F9DDD-7927-38C9-A878-415151B1B373}.RelWithDebInfo|Win32.Build.0 = RelWithDebInfo|Win32
	EndGlobalSection
	GlobalSection(NestedProjects) = preSolution
		{024FDA77-50B0-37FB-80C8-F8BA90C09AA6} = {98D62EAF-BD1F-3B30-8748-51E74CDFF62E}
		{ABC5E721-1920-3D00-A3E6-E90D081A438E} = {98D62EAF-BD1F-3B30-8748-51E74CDFF62E}
		{4756621D-1A4B-3026-A63B-2F69BB8E994E} = {98D62EAF-BD1F-3B30-8748-51E74CDFF62E}
		{984D425B-D0AF-3E68-8EE1-923FA53F079C} = {98D62EAF-BD1F-3B30-8748-51E74CDFF62E}
		{506C0FE6-C349-389D-80D4-7C1B421C05D4} = {6C9E7443-BD76-3D3F-81AB-5F41B3EC3F57}
		{629F9DDD-7927-38C9-A878-415151B1B373} = {6C9E7443-BD76-3D3F-81AB-5F41B3EC3F57}
	EndGlobalSection
	GlobalSection(ExtensibilityGlobals) = postSolution
		SolutionGuid = {873F0D15-17A1-39E3-A1C1-3EBDF4E4431F}
	EndGlobalSection
	GlobalSection(ExtensibilityAddIns) = postSolution
	EndGlobalSection
EndGlobal
