<?xml version="1.0" encoding="utf-8"?>
<Project ToolsVersion="15.0" xmlns="http://schemas.microsoft.com/developer/msbuild/2003">
  <ItemGroup>
    <ClCompile Include="C:\tetsLLVM\llvm\lib\MCA\Context.cpp">
      <Filter>Source Files</Filter>
    </ClCompile>
    <ClCompile Include="C:\tetsLLVM\llvm\lib\MCA\HWEventListener.cpp">
      <Filter>Source Files</Filter>
    </ClCompile>
    <ClCompile Include="C:\tetsLLVM\llvm\lib\MCA\HardwareUnits\HardwareUnit.cpp">
      <Filter>Source Files</Filter>
    </ClCompile>
    <ClCompile Include="C:\tetsLLVM\llvm\lib\MCA\HardwareUnits\LSUnit.cpp">
      <Filter>Source Files</Filter>
    </ClCompile>
    <ClCompile Include="C:\tetsLLVM\llvm\lib\MCA\HardwareUnits\RegisterFile.cpp">
      <Filter>Source Files</Filter>
    </ClCompile>
    <ClCompile Include="C:\tetsLLVM\llvm\lib\MCA\HardwareUnits\ResourceManager.cpp">
      <Filter>Source Files</Filter>
    </ClCompile>
    <ClCompile Include="C:\tetsLLVM\llvm\lib\MCA\HardwareUnits\RetireControlUnit.cpp">
      <Filter>Source Files</Filter>
    </ClCompile>
    <ClCompile Include="C:\tetsLLVM\llvm\lib\MCA\HardwareUnits\Scheduler.cpp">
      <Filter>Source Files</Filter>
    </ClCompile>
    <ClCompile Include="C:\tetsLLVM\llvm\lib\MCA\InstrBuilder.cpp">
      <Filter>Source Files</Filter>
    </ClCompile>
    <ClCompile Include="C:\tetsLLVM\llvm\lib\MCA\Instruction.cpp">
      <Filter>Source Files</Filter>
    </ClCompile>
    <ClCompile Include="C:\tetsLLVM\llvm\lib\MCA\Pipeline.cpp">
      <Filter>Source Files</Filter>
    </ClCompile>
    <ClCompile Include="C:\tetsLLVM\llvm\lib\MCA\Stages\DispatchStage.cpp">
      <Filter>Source Files</Filter>
    </ClCompile>
    <ClCompile Include="C:\tetsLLVM\llvm\lib\MCA\Stages\EntryStage.cpp">
      <Filter>Source Files</Filter>
    </ClCompile>
    <ClCompile Include="C:\tetsLLVM\llvm\lib\MCA\Stages\ExecuteStage.cpp">
      <Filter>Source Files</Filter>
    </ClCompile>
    <ClCompile Include="C:\tetsLLVM\llvm\lib\MCA\Stages\InstructionTables.cpp">
      <Filter>Source Files</Filter>
    </ClCompile>
    <ClCompile Include="C:\tetsLLVM\llvm\lib\MCA\Stages\RetireStage.cpp">
      <Filter>Source Files</Filter>
    </ClCompile>
    <ClCompile Include="C:\tetsLLVM\llvm\lib\MCA\Stages\Stage.cpp">
      <Filter>Source Files</Filter>
    </ClCompile>
    <ClCompile Include="C:\tetsLLVM\llvm\lib\MCA\Support.cpp">
      <Filter>Source Files</Filter>
    </ClCompile>
  </ItemGroup>
  <ItemGroup>
    <ClInclude Include="C:\tetsLLVM\llvm\include\llvm\MCA\Context.h">
      <Filter>Header Files</Filter>
    </ClInclude>
    <ClInclude Include="C:\tetsLLVM\llvm\include\llvm\MCA\HWEventListener.h">
      <Filter>Header Files</Filter>
    </ClInclude>
    <ClInclude Include="C:\tetsLLVM\llvm\include\llvm\MCA\InstrBuilder.h">
      <Filter>Header Files</Filter>
    </ClInclude>
    <ClInclude Include="C:\tetsLLVM\llvm\include\llvm\MCA\Instruction.h">
      <Filter>Header Files</Filter>
    </ClInclude>
    <ClInclude Include="C:\tetsLLVM\llvm\include\llvm\MCA\Pipeline.h">
      <Filter>Header Files</Filter>
    </ClInclude>
    <ClInclude Include="C:\tetsLLVM\llvm\include\llvm\MCA\SourceMgr.h">
      <Filter>Header Files</Filter>
    </ClInclude>
    <ClInclude Include="C:\tetsLLVM\llvm\include\llvm\MCA\Support.h">
      <Filter>Header Files</Filter>
    </ClInclude>
  </ItemGroup>
  <ItemGroup>
    <CustomBuild Include="C:\tetsLLVM\llvm\lib\MCA\CMakeLists.txt" />
  </ItemGroup>
  <ItemGroup>
    <Filter Include="Header Files">
      <UniqueIdentifier>{F48EE06F-5695-3A60-B0FB-79F65E01A75D}</UniqueIdentifier>
    </Filter>
    <Filter Include="Source Files">
      <UniqueIdentifier>{EC4B794C-986D-3A40-A587-8DD71D2C4B26}</UniqueIdentifier>
    </Filter>
  </ItemGroup>
</Project>
